
Microsoft Visual Studio Solution File, Format Version 12.00
# Visual Studio Version 16
VisualStudioVersion = 16.0.28803.452
MinimumVisualStudioVersion = 10.0.40219.1
Project("{FAE04EC0-301F-11D3-BF4B-00C04F79EFBC}") = "GetDistanceBetweenAddresses", "GetDistanceBtwAddresses\GetDistanceBetweenAddresses.csproj", "{C1A7DA4E-B9ED-4EF2-A840-6F3F46733C19}"
EndProject
Project("{9A19103F-16F7-4668-BE54-9A1E7A4F7556}") = "Nominatim.API", "..\Nominatim.API-master\src\Nominatim.API\Nominatim.API.csproj", "{FEFA65EA-49AA-4D66-A25E-1A3696AAAEB8}"
EndProject
Project("{9A19103F-16F7-4668-BE54-9A1E7A4F7556}") = "Nominatim.API.Tests", "..\Nominatim.API-master\src\Nominatim.API.Tests\Nominatim.API.Tests.csproj", "{BAD61B4A-65A4-46E9-B70B-0F43803C9EF8}"
EndProject
Global
	GlobalSection(SolutionConfigurationPlatforms) = preSolution
		Debug|Any CPU = Debug|Any CPU
		Release|Any CPU = Release|Any CPU
	EndGlobalSection
	GlobalSection(ProjectConfigurationPlatforms) = postSolution
		{C1A7DA4E-B9ED-4EF2-A840-6F3F46733C19}.Debug|Any CPU.ActiveCfg = Debug|Any CPU
		{C1A7DA4E-B9ED-4EF2-A840-6F3F46733C19}.Debug|Any CPU.Build.0 = Debug|Any CPU
		{C1A7DA4E-B9ED-4EF2-A840-6F3F46733C19}.Release|Any CPU.ActiveCfg = Release|Any CPU
		{C1A7DA4E-B9ED-4EF2-A840-6F3F46733C19}.Release|Any CPU.Build.0 = Release|Any CPU
		{FEFA65EA-49AA-4D66-A25E-1A3696AAAEB8}.Debug|Any CPU.ActiveCfg = Debug|Any CPU
		{FEFA65EA-49AA-4D66-A25E-1A3696AAAEB8}.Debug|Any CPU.Build.0 = Debug|Any CPU
		{FEFA65EA-49AA-4D66-A25E-1A3696AAAEB8}.Release|Any CPU.ActiveCfg = Release|Any CPU
		{FEFA65EA-49AA-4D66-A25E-1A3696AAAEB8}.Release|Any CPU.Build.0 = Release|Any CPU
		{BAD61B4A-65A4-46E9-B70B-0F43803C9EF8}.Debug|Any CPU.ActiveCfg = Debug|Any CPU
		{BAD61B4A-65A4-46E9-B70B-0F43803C9EF8}.Debug|Any CPU.Build.0 = Debug|Any CPU
		{BAD61B4A-65A4-46E9-B70B-0F43803C9EF8}.Release|Any CPU.ActiveCfg = Release|Any CPU
		{BAD61B4A-65A4-46E9-B70B-0F43803C9EF8}.Release|Any CPU.Build.0 = Release|Any CPU
	EndGlobalSection
	GlobalSection(SolutionProperties) = preSolution
		HideSolutionNode = FALSE
	EndGlobalSection
	GlobalSection(ExtensibilityGlobals) = postSolution
		SolutionGuid = {3F36944C-AC0D-4670-8E94-E482F0B4938F}
	EndGlobalSection
EndGlobal
